
Microsoft Visual Studio Solution File, Format Version 12.00
# Visual Studio Version 17
VisualStudioVersion = 17.13.35825.156 d17.13
MinimumVisualStudioVersion = 10.0.40219.1
Project("{FAE04EC0-301F-11D3-BF4B-00C04F79EFBC}") = "Api", "Libmatik\Api.csproj", "{80C43C26-3CB6-4A4C-AD7A-E204F7CA0688}"
EndProject
Project("{FAE04EC0-301F-11D3-BF4B-00C04F79EFBC}") = "Entities", "Entities\Entities.csproj", "{19A7433E-BFB9-443E-93C9-915BFADE4164}"
EndProject
Project("{FAE04EC0-301F-11D3-BF4B-00C04F79EFBC}") = "Repositories", "Repositories\Repositories.csproj", "{8AFEC8F0-AEDC-4735-BF0B-65B95167D414}"
EndProject
Global
	GlobalSection(SolutionConfigurationPlatforms) = preSolution
		Debug|Any CPU = Debug|Any CPU
		Release|Any CPU = Release|Any CPU
	EndGlobalSection
	GlobalSection(ProjectConfigurationPlatforms) = postSolution
		{80C43C26-3CB6-4A4C-AD7A-E204F7CA0688}.Debug|Any CPU.ActiveCfg = Debug|Any CPU
		{80C43C26-3CB6-4A4C-AD7A-E204F7CA0688}.Debug|Any CPU.Build.0 = Debug|Any CPU
		{80C43C26-3CB6-4A4C-AD7A-E204F7CA0688}.Release|Any CPU.ActiveCfg = Release|Any CPU
		{80C43C26-3CB6-4A4C-AD7A-E204F7CA0688}.Release|Any CPU.Build.0 = Release|Any CPU
		{19A7433E-BFB9-443E-93C9-915BFADE4164}.Debug|Any CPU.ActiveCfg = Debug|Any CPU
		{19A7433E-BFB9-443E-93C9-915BFADE4164}.Debug|Any CPU.Build.0 = Debug|Any CPU
		{19A7433E-BFB9-443E-93C9-915BFADE4164}.Release|Any CPU.ActiveCfg = Release|Any CPU
		{19A7433E-BFB9-443E-93C9-915BFADE4164}.Release|Any CPU.Build.0 = Release|Any CPU
		{8AFEC8F0-AEDC-4735-BF0B-65B95167D414}.Debug|Any CPU.ActiveCfg = Debug|Any CPU
		{8AFEC8F0-AEDC-4735-BF0B-65B95167D414}.Debug|Any CPU.Build.0 = Debug|Any CPU
		{8AFEC8F0-AEDC-4735-BF0B-65B95167D414}.Release|Any CPU.ActiveCfg = Release|Any CPU
		{8AFEC8F0-AEDC-4735-BF0B-65B95167D414}.Release|Any CPU.Build.0 = Release|Any CPU
	EndGlobalSection
	GlobalSection(SolutionProperties) = preSolution
		HideSolutionNode = FALSE
	EndGlobalSection
	GlobalSection(ExtensibilityGlobals) = postSolution
		SolutionGuid = {9F7CF554-5CFF-447E-A87F-D04CA7D23617}
	EndGlobalSection
EndGlobal
